// !$*UTF8*$!
{
	archiveVersion = 1;
	classes = {
	};
	objectVersion = 55;
	objects = {

/* Begin PBXBuildFile section */
		0F8EFE224857C119F3473445 /* Pods_Tweet.framework in Frameworks */ = {isa = PBXBuildFile; fileRef = C48B0029346A987F4EEE99C3 /* Pods_Tweet.framework */; };
		1699DF40B3A249435583FDCD /* Pods_Tweet_TweetUITests.framework in Frameworks */ = {isa = PBXBuildFile; fileRef = A71CACAB70DD91CB20EDA096 /* Pods_Tweet_TweetUITests.framework */; };
		4F2D437B9AA353EF5DC70471 /* Pods_TweetTests.framework in Frameworks */ = {isa = PBXBuildFile; fileRef = 43164BECB772BBFF051357A5 /* Pods_TweetTests.framework */; };
		659FF8662908139D00145319 /* AppDelegate.swift in Sources */ = {isa = PBXBuildFile; fileRef = 659FF8652908139D00145319 /* AppDelegate.swift */; };
		659FF8682908139D00145319 /* SceneDelegate.swift in Sources */ = {isa = PBXBuildFile; fileRef = 659FF8672908139D00145319 /* SceneDelegate.swift */; };
		659FF86A2908139D00145319 /* TabBarViewController.swift in Sources */ = {isa = PBXBuildFile; fileRef = 659FF8692908139D00145319 /* TabBarViewController.swift */; };
		659FF86F2908139E00145319 /* Assets.xcassets in Resources */ = {isa = PBXBuildFile; fileRef = 659FF86E2908139E00145319 /* Assets.xcassets */; };
		659FF8722908139E00145319 /* LaunchScreen.storyboard in Resources */ = {isa = PBXBuildFile; fileRef = 659FF8702908139E00145319 /* LaunchScreen.storyboard */; };
		659FF87D2908139E00145319 /* TweetTests.swift in Sources */ = {isa = PBXBuildFile; fileRef = 659FF87C2908139E00145319 /* TweetTests.swift */; };
		659FF8872908139E00145319 /* TweetUITests.swift in Sources */ = {isa = PBXBuildFile; fileRef = 659FF8862908139E00145319 /* TweetUITests.swift */; };
		659FF8892908139E00145319 /* TweetUITestsLaunchTests.swift in Sources */ = {isa = PBXBuildFile; fileRef = 659FF8882908139E00145319 /* TweetUITestsLaunchTests.swift */; };
		659FF8972908140200145319 /* SnapKit in Frameworks */ = {isa = PBXBuildFile; productRef = 659FF8962908140200145319 /* SnapKit */; };
		659FF89A29081E3800145319 /* Tweet.swift in Sources */ = {isa = PBXBuildFile; fileRef = 659FF89929081E3800145319 /* Tweet.swift */; };
		659FF89D29081E5C00145319 /* User.swift in Sources */ = {isa = PBXBuildFile; fileRef = 659FF89C29081E5C00145319 /* User.swift */; };
		659FF8A02908B01100145319 /* UserDefaultsManager.swift in Sources */ = {isa = PBXBuildFile; fileRef = 659FF89F2908B01100145319 /* UserDefaultsManager.swift */; };
		659FF8A22908BDFC00145319 /* FeedViewController.swift in Sources */ = {isa = PBXBuildFile; fileRef = 659FF8A12908BDFC00145319 /* FeedViewController.swift */; };
		659FF8A42908BE0C00145319 /* FeedPresenter.swift in Sources */ = {isa = PBXBuildFile; fileRef = 659FF8A32908BE0C00145319 /* FeedPresenter.swift */; };
		659FF8A72908F71700145319 /* TabBarItem.swift in Sources */ = {isa = PBXBuildFile; fileRef = 659FF8A62908F71700145319 /* TabBarItem.swift */; };
		659FF8AA2908FAC600145319 /* FeedTableViewCell.swift in Sources */ = {isa = PBXBuildFile; fileRef = 659FF8A92908FAC600145319 /* FeedTableViewCell.swift */; };
		659FF8AC2908FE9F00145319 /* Icon.swift in Sources */ = {isa = PBXBuildFile; fileRef = 659FF8AB2908FE9F00145319 /* Icon.swift */; };
/* End PBXBuildFile section */

/* Begin PBXContainerItemProxy section */
		659FF8792908139E00145319 /* PBXContainerItemProxy */ = {
			isa = PBXContainerItemProxy;
			containerPortal = 659FF85A2908139D00145319 /* Project object */;
			proxyType = 1;
			remoteGlobalIDString = 659FF8612908139D00145319;
			remoteInfo = Tweet;
		};
		659FF8832908139E00145319 /* PBXContainerItemProxy */ = {
			isa = PBXContainerItemProxy;
			containerPortal = 659FF85A2908139D00145319 /* Project object */;
			proxyType = 1;
			remoteGlobalIDString = 659FF8612908139D00145319;
			remoteInfo = Tweet;
		};
/* End PBXContainerItemProxy section */

/* Begin PBXFileReference section */
		3660459FBE18A26AFFBFF1AD /* Pods-Tweet-TweetUITests.release.xcconfig */ = {isa = PBXFileReference; includeInIndex = 1; lastKnownFileType = text.xcconfig; name = "Pods-Tweet-TweetUITests.release.xcconfig"; path = "Target Support Files/Pods-Tweet-TweetUITests/Pods-Tweet-TweetUITests.release.xcconfig"; sourceTree = "<group>"; };
		43164BECB772BBFF051357A5 /* Pods_TweetTests.framework */ = {isa = PBXFileReference; explicitFileType = wrapper.framework; includeInIndex = 0; path = Pods_TweetTests.framework; sourceTree = BUILT_PRODUCTS_DIR; };
		659FF8622908139D00145319 /* Tweet.app */ = {isa = PBXFileReference; explicitFileType = wrapper.application; includeInIndex = 0; path = Tweet.app; sourceTree = BUILT_PRODUCTS_DIR; };
		659FF8652908139D00145319 /* AppDelegate.swift */ = {isa = PBXFileReference; lastKnownFileType = sourcecode.swift; path = AppDelegate.swift; sourceTree = "<group>"; };
		659FF8672908139D00145319 /* SceneDelegate.swift */ = {isa = PBXFileReference; lastKnownFileType = sourcecode.swift; path = SceneDelegate.swift; sourceTree = "<group>"; };
		659FF8692908139D00145319 /* TabBarViewController.swift */ = {isa = PBXFileReference; lastKnownFileType = sourcecode.swift; path = TabBarViewController.swift; sourceTree = "<group>"; };
		659FF86E2908139E00145319 /* Assets.xcassets */ = {isa = PBXFileReference; lastKnownFileType = folder.assetcatalog; path = Assets.xcassets; sourceTree = "<group>"; };
		659FF8712908139E00145319 /* Base */ = {isa = PBXFileReference; lastKnownFileType = file.storyboard; name = Base; path = Base.lproj/LaunchScreen.storyboard; sourceTree = "<group>"; };
		659FF8732908139E00145319 /* Info.plist */ = {isa = PBXFileReference; lastKnownFileType = text.plist.xml; path = Info.plist; sourceTree = "<group>"; };
		659FF8782908139E00145319 /* TweetTests.xctest */ = {isa = PBXFileReference; explicitFileType = wrapper.cfbundle; includeInIndex = 0; path = TweetTests.xctest; sourceTree = BUILT_PRODUCTS_DIR; };
		659FF87C2908139E00145319 /* TweetTests.swift */ = {isa = PBXFileReference; lastKnownFileType = sourcecode.swift; path = TweetTests.swift; sourceTree = "<group>"; };
		659FF8822908139E00145319 /* TweetUITests.xctest */ = {isa = PBXFileReference; explicitFileType = wrapper.cfbundle; includeInIndex = 0; path = TweetUITests.xctest; sourceTree = BUILT_PRODUCTS_DIR; };
		659FF8862908139E00145319 /* TweetUITests.swift */ = {isa = PBXFileReference; lastKnownFileType = sourcecode.swift; path = TweetUITests.swift; sourceTree = "<group>"; };
		659FF8882908139E00145319 /* TweetUITestsLaunchTests.swift */ = {isa = PBXFileReference; lastKnownFileType = sourcecode.swift; path = TweetUITestsLaunchTests.swift; sourceTree = "<group>"; };
		659FF89929081E3800145319 /* Tweet.swift */ = {isa = PBXFileReference; lastKnownFileType = sourcecode.swift; path = Tweet.swift; sourceTree = "<group>"; };
		659FF89C29081E5C00145319 /* User.swift */ = {isa = PBXFileReference; lastKnownFileType = sourcecode.swift; path = User.swift; sourceTree = "<group>"; };
		659FF89F2908B01100145319 /* UserDefaultsManager.swift */ = {isa = PBXFileReference; lastKnownFileType = sourcecode.swift; path = UserDefaultsManager.swift; sourceTree = "<group>"; };
		659FF8A12908BDFC00145319 /* FeedViewController.swift */ = {isa = PBXFileReference; lastKnownFileType = sourcecode.swift; path = FeedViewController.swift; sourceTree = "<group>"; };
		659FF8A32908BE0C00145319 /* FeedPresenter.swift */ = {isa = PBXFileReference; lastKnownFileType = sourcecode.swift; path = FeedPresenter.swift; sourceTree = "<group>"; };
		659FF8A62908F71700145319 /* TabBarItem.swift */ = {isa = PBXFileReference; lastKnownFileType = sourcecode.swift; path = TabBarItem.swift; sourceTree = "<group>"; };
		659FF8A92908FAC600145319 /* FeedTableViewCell.swift */ = {isa = PBXFileReference; lastKnownFileType = sourcecode.swift; path = FeedTableViewCell.swift; sourceTree = "<group>"; };
		659FF8AB2908FE9F00145319 /* Icon.swift */ = {isa = PBXFileReference; lastKnownFileType = sourcecode.swift; path = Icon.swift; sourceTree = "<group>"; };
		85DC562C30A9FE436169B8E4 /* Pods-Tweet.debug.xcconfig */ = {isa = PBXFileReference; includeInIndex = 1; lastKnownFileType = text.xcconfig; name = "Pods-Tweet.debug.xcconfig"; path = "Target Support Files/Pods-Tweet/Pods-Tweet.debug.xcconfig"; sourceTree = "<group>"; };
		8FA64EC54535F46AFFCFA9CC /* Pods-TweetTests.release.xcconfig */ = {isa = PBXFileReference; includeInIndex = 1; lastKnownFileType = text.xcconfig; name = "Pods-TweetTests.release.xcconfig"; path = "Target Support Files/Pods-TweetTests/Pods-TweetTests.release.xcconfig"; sourceTree = "<group>"; };
		9C377CDB112F1FFC76AA5353 /* Pods-TweetTests.debug.xcconfig */ = {isa = PBXFileReference; includeInIndex = 1; lastKnownFileType = text.xcconfig; name = "Pods-TweetTests.debug.xcconfig"; path = "Target Support Files/Pods-TweetTests/Pods-TweetTests.debug.xcconfig"; sourceTree = "<group>"; };
		A349C139B82D3A4C6C08629D /* Pods-Tweet-TweetUITests.debug.xcconfig */ = {isa = PBXFileReference; includeInIndex = 1; lastKnownFileType = text.xcconfig; name = "Pods-Tweet-TweetUITests.debug.xcconfig"; path = "Target Support Files/Pods-Tweet-TweetUITests/Pods-Tweet-TweetUITests.debug.xcconfig"; sourceTree = "<group>"; };
		A71CACAB70DD91CB20EDA096 /* Pods_Tweet_TweetUITests.framework */ = {isa = PBXFileReference; explicitFileType = wrapper.framework; includeInIndex = 0; path = Pods_Tweet_TweetUITests.framework; sourceTree = BUILT_PRODUCTS_DIR; };
		C48B0029346A987F4EEE99C3 /* Pods_Tweet.framework */ = {isa = PBXFileReference; explicitFileType = wrapper.framework; includeInIndex = 0; path = Pods_Tweet.framework; sourceTree = BUILT_PRODUCTS_DIR; };
		D42B861F752E6749F937F3F8 /* Pods-Tweet.release.xcconfig */ = {isa = PBXFileReference; includeInIndex = 1; lastKnownFileType = text.xcconfig; name = "Pods-Tweet.release.xcconfig"; path = "Target Support Files/Pods-Tweet/Pods-Tweet.release.xcconfig"; sourceTree = "<group>"; };
/* End PBXFileReference section */

/* Begin PBXFrameworksBuildPhase section */
		659FF85F2908139D00145319 /* Frameworks */ = {
			isa = PBXFrameworksBuildPhase;
			buildActionMask = 2147483647;
			files = (
				659FF8972908140200145319 /* SnapKit in Frameworks */,
				0F8EFE224857C119F3473445 /* Pods_Tweet.framework in Frameworks */,
			);
			runOnlyForDeploymentPostprocessing = 0;
		};
		659FF8752908139E00145319 /* Frameworks */ = {
			isa = PBXFrameworksBuildPhase;
			buildActionMask = 2147483647;
			files = (
				4F2D437B9AA353EF5DC70471 /* Pods_TweetTests.framework in Frameworks */,
			);
			runOnlyForDeploymentPostprocessing = 0;
		};
		659FF87F2908139E00145319 /* Frameworks */ = {
			isa = PBXFrameworksBuildPhase;
			buildActionMask = 2147483647;
			files = (
				1699DF40B3A249435583FDCD /* Pods_Tweet_TweetUITests.framework in Frameworks */,
			);
			runOnlyForDeploymentPostprocessing = 0;
		};
/* End PBXFrameworksBuildPhase section */

/* Begin PBXGroup section */
		1BC03E79D5B7C52A2BE91F64 /* Frameworks */ = {
			isa = PBXGroup;
			children = (
				C48B0029346A987F4EEE99C3 /* Pods_Tweet.framework */,
				A71CACAB70DD91CB20EDA096 /* Pods_Tweet_TweetUITests.framework */,
				43164BECB772BBFF051357A5 /* Pods_TweetTests.framework */,
			);
			name = Frameworks;
			sourceTree = "<group>";
		};
		20373643BAD31B9A25C946EF /* Pods */ = {
			isa = PBXGroup;
			children = (
				85DC562C30A9FE436169B8E4 /* Pods-Tweet.debug.xcconfig */,
				D42B861F752E6749F937F3F8 /* Pods-Tweet.release.xcconfig */,
				A349C139B82D3A4C6C08629D /* Pods-Tweet-TweetUITests.debug.xcconfig */,
				3660459FBE18A26AFFBFF1AD /* Pods-Tweet-TweetUITests.release.xcconfig */,
				9C377CDB112F1FFC76AA5353 /* Pods-TweetTests.debug.xcconfig */,
				8FA64EC54535F46AFFCFA9CC /* Pods-TweetTests.release.xcconfig */,
			);
			name = Pods;
			path = Pods;
			sourceTree = "<group>";
		};
		659FF8592908139D00145319 = {
			isa = PBXGroup;
			children = (
				659FF8642908139D00145319 /* Tweet */,
				659FF87B2908139E00145319 /* TweetTests */,
				659FF8852908139E00145319 /* TweetUITests */,
				659FF8632908139D00145319 /* Products */,
				20373643BAD31B9A25C946EF /* Pods */,
				1BC03E79D5B7C52A2BE91F64 /* Frameworks */,
			);
			sourceTree = "<group>";
		};
		659FF8632908139D00145319 /* Products */ = {
			isa = PBXGroup;
			children = (
				659FF8622908139D00145319 /* Tweet.app */,
				659FF8782908139E00145319 /* TweetTests.xctest */,
				659FF8822908139E00145319 /* TweetUITests.xctest */,
			);
			name = Products;
			sourceTree = "<group>";
		};
		659FF8642908139D00145319 /* Tweet */ = {
			isa = PBXGroup;
			children = (
				659FF89E2908B00000145319 /* Managers */,
				659FF89829081E2300145319 /* Models */,
				659FF89B29081E4000145319 /* Scenes */,
				659FF8652908139D00145319 /* AppDelegate.swift */,
				659FF8672908139D00145319 /* SceneDelegate.swift */,
				659FF86E2908139E00145319 /* Assets.xcassets */,
				659FF8702908139E00145319 /* LaunchScreen.storyboard */,
				659FF8732908139E00145319 /* Info.plist */,
			);
			path = Tweet;
			sourceTree = "<group>";
		};
		659FF87B2908139E00145319 /* TweetTests */ = {
			isa = PBXGroup;
			children = (
				659FF87C2908139E00145319 /* TweetTests.swift */,
			);
			path = TweetTests;
			sourceTree = "<group>";
		};
		659FF8852908139E00145319 /* TweetUITests */ = {
			isa = PBXGroup;
			children = (
				659FF8862908139E00145319 /* TweetUITests.swift */,
				659FF8882908139E00145319 /* TweetUITestsLaunchTests.swift */,
			);
			path = TweetUITests;
			sourceTree = "<group>";
		};
		659FF89829081E2300145319 /* Models */ = {
			isa = PBXGroup;
			children = (
				659FF89929081E3800145319 /* Tweet.swift */,
				659FF89C29081E5C00145319 /* User.swift */,
			);
			path = Models;
			sourceTree = "<group>";
		};
		659FF89B29081E4000145319 /* Scenes */ = {
			isa = PBXGroup;
			children = (
				659FF8A82908F72800145319 /* TabBar */,
				659FF8A52908BE1100145319 /* Feed */,
				659FF8AB2908FE9F00145319 /* Icon.swift */,
			);
			path = Scenes;
			sourceTree = "<group>";
		};
		659FF89E2908B00000145319 /* Managers */ = {
			isa = PBXGroup;
			children = (
				659FF89F2908B01100145319 /* UserDefaultsManager.swift */,
			);
			path = Managers;
			sourceTree = "<group>";
		};
		659FF8A52908BE1100145319 /* Feed */ = {
			isa = PBXGroup;
			children = (
				659FF8A12908BDFC00145319 /* FeedViewController.swift */,
				659FF8A32908BE0C00145319 /* FeedPresenter.swift */,
				659FF8A92908FAC600145319 /* FeedTableViewCell.swift */,
			);
			path = Feed;
			sourceTree = "<group>";
		};
		659FF8A82908F72800145319 /* TabBar */ = {
			isa = PBXGroup;
			children = (
				659FF8692908139D00145319 /* TabBarViewController.swift */,
				659FF8A62908F71700145319 /* TabBarItem.swift */,
			);
			path = TabBar;
			sourceTree = "<group>";
		};
/* End PBXGroup section */

/* Begin PBXNativeTarget section */
		659FF8612908139D00145319 /* Tweet */ = {
			isa = PBXNativeTarget;
			buildConfigurationList = 659FF88C2908139E00145319 /* Build configuration list for PBXNativeTarget "Tweet" */;
			buildPhases = (
				71DBBCE8A92627F186E25654 /* [CP] Check Pods Manifest.lock */,
				659FF85E2908139D00145319 /* Sources */,
				659FF85F2908139D00145319 /* Frameworks */,
				659FF8602908139D00145319 /* Resources */,
				921E5D17F628216BEC2C74F4 /* [CP] Embed Pods Frameworks */,
			);
			buildRules = (
			);
			dependencies = (
			);
			name = Tweet;
			packageProductDependencies = (
				659FF8962908140200145319 /* SnapKit */,
			);
			productName = Tweet;
			productReference = 659FF8622908139D00145319 /* Tweet.app */;
			productType = "com.apple.product-type.application";
		};
		659FF8772908139E00145319 /* TweetTests */ = {
			isa = PBXNativeTarget;
			buildConfigurationList = 659FF88F2908139E00145319 /* Build configuration list for PBXNativeTarget "TweetTests" */;
			buildPhases = (
				21DEBC13DAD16392FBB73DAF /* [CP] Check Pods Manifest.lock */,
				659FF8742908139E00145319 /* Sources */,
				659FF8752908139E00145319 /* Frameworks */,
				659FF8762908139E00145319 /* Resources */,
			);
			buildRules = (
			);
			dependencies = (
				659FF87A2908139E00145319 /* PBXTargetDependency */,
			);
			name = TweetTests;
			productName = TweetTests;
			productReference = 659FF8782908139E00145319 /* TweetTests.xctest */;
			productType = "com.apple.product-type.bundle.unit-test";
		};
		659FF8812908139E00145319 /* TweetUITests */ = {
			isa = PBXNativeTarget;
			buildConfigurationList = 659FF8922908139E00145319 /* Build configuration list for PBXNativeTarget "TweetUITests" */;
			buildPhases = (
				F092AA78438CFFA0DBA1FD24 /* [CP] Check Pods Manifest.lock */,
				659FF87E2908139E00145319 /* Sources */,
				659FF87F2908139E00145319 /* Frameworks */,
				659FF8802908139E00145319 /* Resources */,
				446B0C90221B29C035D44940 /* [CP] Embed Pods Frameworks */,
			);
			buildRules = (
			);
			dependencies = (
				659FF8842908139E00145319 /* PBXTargetDependency */,
			);
			name = TweetUITests;
			productName = TweetUITests;
			productReference = 659FF8822908139E00145319 /* TweetUITests.xctest */;
			productType = "com.apple.product-type.bundle.ui-testing";
		};
/* End PBXNativeTarget section */

/* Begin PBXProject section */
		659FF85A2908139D00145319 /* Project object */ = {
			isa = PBXProject;
			attributes = {
				BuildIndependentTargetsInParallel = 1;
				LastSwiftUpdateCheck = 1400;
				LastUpgradeCheck = 1400;
				TargetAttributes = {
					659FF8612908139D00145319 = {
						CreatedOnToolsVersion = 14.0.1;
					};
					659FF8772908139E00145319 = {
						CreatedOnToolsVersion = 14.0.1;
						TestTargetID = 659FF8612908139D00145319;
					};
					659FF8812908139E00145319 = {
						CreatedOnToolsVersion = 14.0.1;
						TestTargetID = 659FF8612908139D00145319;
					};
				};
			};
			buildConfigurationList = 659FF85D2908139D00145319 /* Build configuration list for PBXProject "Tweet" */;
			compatibilityVersion = "Xcode 13.0";
			developmentRegion = en;
			hasScannedForEncodings = 0;
			knownRegions = (
				en,
				Base,
			);
			mainGroup = 659FF8592908139D00145319;
			packageReferences = (
				659FF8952908140200145319 /* XCRemoteSwiftPackageReference "SnapKit.git" */,
			);
			productRefGroup = 659FF8632908139D00145319 /* Products */;
			projectDirPath = "";
			projectRoot = "";
			targets = (
				659FF8612908139D00145319 /* Tweet */,
				659FF8772908139E00145319 /* TweetTests */,
				659FF8812908139E00145319 /* TweetUITests */,
			);
		};
/* End PBXProject section */

/* Begin PBXResourcesBuildPhase section */
		659FF8602908139D00145319 /* Resources */ = {
			isa = PBXResourcesBuildPhase;
			buildActionMask = 2147483647;
			files = (
				659FF8722908139E00145319 /* LaunchScreen.storyboard in Resources */,
				659FF86F2908139E00145319 /* Assets.xcassets in Resources */,
			);
			runOnlyForDeploymentPostprocessing = 0;
		};
		659FF8762908139E00145319 /* Resources */ = {
			isa = PBXResourcesBuildPhase;
			buildActionMask = 2147483647;
			files = (
			);
			runOnlyForDeploymentPostprocessing = 0;
		};
		659FF8802908139E00145319 /* Resources */ = {
			isa = PBXResourcesBuildPhase;
			buildActionMask = 2147483647;
			files = (
			);
			runOnlyForDeploymentPostprocessing = 0;
		};
/* End PBXResourcesBuildPhase section */

/* Begin PBXShellScriptBuildPhase section */
		21DEBC13DAD16392FBB73DAF /* [CP] Check Pods Manifest.lock */ = {
			isa = PBXShellScriptBuildPhase;
			buildActionMask = 2147483647;
			files = (
			);
			inputFileListPaths = (
			);
			inputPaths = (
				"${PODS_PODFILE_DIR_PATH}/Podfile.lock",
				"${PODS_ROOT}/Manifest.lock",
			);
			name = "[CP] Check Pods Manifest.lock";
			outputFileListPaths = (
			);
			outputPaths = (
				"$(DERIVED_FILE_DIR)/Pods-TweetTests-checkManifestLockResult.txt",
			);
			runOnlyForDeploymentPostprocessing = 0;
			shellPath = /bin/sh;
			shellScript = "diff \"${PODS_PODFILE_DIR_PATH}/Podfile.lock\" \"${PODS_ROOT}/Manifest.lock\" > /dev/null\nif [ $? != 0 ] ; then\n    # print error to STDERR\n    echo \"error: The sandbox is not in sync with the Podfile.lock. Run 'pod install' or update your CocoaPods installation.\" >&2\n    exit 1\nfi\n# This output is used by Xcode 'outputs' to avoid re-running this script phase.\necho \"SUCCESS\" > \"${SCRIPT_OUTPUT_FILE_0}\"\n";
			showEnvVarsInLog = 0;
		};
		446B0C90221B29C035D44940 /* [CP] Embed Pods Frameworks */ = {
			isa = PBXShellScriptBuildPhase;
			buildActionMask = 2147483647;
			files = (
			);
			inputFileListPaths = (
				"${PODS_ROOT}/Target Support Files/Pods-Tweet-TweetUITests/Pods-Tweet-TweetUITests-frameworks-${CONFIGURATION}-input-files.xcfilelist",
			);
			name = "[CP] Embed Pods Frameworks";
			outputFileListPaths = (
				"${PODS_ROOT}/Target Support Files/Pods-Tweet-TweetUITests/Pods-Tweet-TweetUITests-frameworks-${CONFIGURATION}-output-files.xcfilelist",
			);
			runOnlyForDeploymentPostprocessing = 0;
			shellPath = /bin/sh;
			shellScript = "\"${PODS_ROOT}/Target Support Files/Pods-Tweet-TweetUITests/Pods-Tweet-TweetUITests-frameworks.sh\"\n";
			showEnvVarsInLog = 0;
		};
		71DBBCE8A92627F186E25654 /* [CP] Check Pods Manifest.lock */ = {
			isa = PBXShellScriptBuildPhase;
			buildActionMask = 2147483647;
			files = (
			);
			inputFileListPaths = (
			);
			inputPaths = (
				"${PODS_PODFILE_DIR_PATH}/Podfile.lock",
				"${PODS_ROOT}/Manifest.lock",
			);
			name = "[CP] Check Pods Manifest.lock";
			outputFileListPaths = (
			);
			outputPaths = (
				"$(DERIVED_FILE_DIR)/Pods-Tweet-checkManifestLockResult.txt",
			);
			runOnlyForDeploymentPostprocessing = 0;
			shellPath = /bin/sh;
			shellScript = "diff \"${PODS_PODFILE_DIR_PATH}/Podfile.lock\" \"${PODS_ROOT}/Manifest.lock\" > /dev/null\nif [ $? != 0 ] ; then\n    # print error to STDERR\n    echo \"error: The sandbox is not in sync with the Podfile.lock. Run 'pod install' or update your CocoaPods installation.\" >&2\n    exit 1\nfi\n# This output is used by Xcode 'outputs' to avoid re-running this script phase.\necho \"SUCCESS\" > \"${SCRIPT_OUTPUT_FILE_0}\"\n";
			showEnvVarsInLog = 0;
		};
		921E5D17F628216BEC2C74F4 /* [CP] Embed Pods Frameworks */ = {
			isa = PBXShellScriptBuildPhase;
			buildActionMask = 2147483647;
			files = (
			);
			inputFileListPaths = (
				"${PODS_ROOT}/Target Support Files/Pods-Tweet/Pods-Tweet-frameworks-${CONFIGURATION}-input-files.xcfilelist",
			);
			name = "[CP] Embed Pods Frameworks";
			outputFileListPaths = (
				"${PODS_ROOT}/Target Support Files/Pods-Tweet/Pods-Tweet-frameworks-${CONFIGURATION}-output-files.xcfilelist",
			);
			runOnlyForDeploymentPostprocessing = 0;
			shellPath = /bin/sh;
			shellScript = "\"${PODS_ROOT}/Target Support Files/Pods-Tweet/Pods-Tweet-frameworks.sh\"\n";
			showEnvVarsInLog = 0;
		};
		F092AA78438CFFA0DBA1FD24 /* [CP] Check Pods Manifest.lock */ = {
			isa = PBXShellScriptBuildPhase;
			buildActionMask = 2147483647;
			files = (
			);
			inputFileListPaths = (
			);
			inputPaths = (
				"${PODS_PODFILE_DIR_PATH}/Podfile.lock",
				"${PODS_ROOT}/Manifest.lock",
			);
			name = "[CP] Check Pods Manifest.lock";
			outputFileListPaths = (
			);
			outputPaths = (
				"$(DERIVED_FILE_DIR)/Pods-Tweet-TweetUITests-checkManifestLockResult.txt",
			);
			runOnlyForDeploymentPostprocessing = 0;
			shellPath = /bin/sh;
			shellScript = "diff \"${PODS_PODFILE_DIR_PATH}/Podfile.lock\" \"${PODS_ROOT}/Manifest.lock\" > /dev/null\nif [ $? != 0 ] ; then\n    # print error to STDERR\n    echo \"error: The sandbox is not in sync with the Podfile.lock. Run 'pod install' or update your CocoaPods installation.\" >&2\n    exit 1\nfi\n# This output is used by Xcode 'outputs' to avoid re-running this script phase.\necho \"SUCCESS\" > \"${SCRIPT_OUTPUT_FILE_0}\"\n";
			showEnvVarsInLog = 0;
		};
/* End PBXShellScriptBuildPhase section */

/* Begin PBXSourcesBuildPhase section */
		659FF85E2908139D00145319 /* Sources */ = {
			isa = PBXSourcesBuildPhase;
			buildActionMask = 2147483647;
			files = (
				659FF86A2908139D00145319 /* TabBarViewController.swift in Sources */,
				659FF8662908139D00145319 /* AppDelegate.swift in Sources */,
				659FF8A42908BE0C00145319 /* FeedPresenter.swift in Sources */,
				659FF8A72908F71700145319 /* TabBarItem.swift in Sources */,
				659FF8A02908B01100145319 /* UserDefaultsManager.swift in Sources */,
				659FF8682908139D00145319 /* SceneDelegate.swift in Sources */,
				659FF89D29081E5C00145319 /* User.swift in Sources */,
				659FF89A29081E3800145319 /* Tweet.swift in Sources */,
				659FF8A22908BDFC00145319 /* FeedViewController.swift in Sources */,
				659FF8AA2908FAC600145319 /* FeedTableViewCell.swift in Sources */,
				659FF8AC2908FE9F00145319 /* Icon.swift in Sources */,
			);
			runOnlyForDeploymentPostprocessing = 0;
		};
		659FF8742908139E00145319 /* Sources */ = {
			isa = PBXSourcesBuildPhase;
			buildActionMask = 2147483647;
			files = (
				659FF87D2908139E00145319 /* TweetTests.swift in Sources */,
			);
			runOnlyForDeploymentPostprocessing = 0;
		};
		659FF87E2908139E00145319 /* Sources */ = {
			isa = PBXSourcesBuildPhase;
			buildActionMask = 2147483647;
			files = (
				659FF8892908139E00145319 /* TweetUITestsLaunchTests.swift in Sources */,
				659FF8872908139E00145319 /* TweetUITests.swift in Sources */,
			);
			runOnlyForDeploymentPostprocessing = 0;
		};
/* End PBXSourcesBuildPhase section */

/* Begin PBXTargetDependency section */
		659FF87A2908139E00145319 /* PBXTargetDependency */ = {
			isa = PBXTargetDependency;
			target = 659FF8612908139D00145319 /* Tweet */;
			targetProxy = 659FF8792908139E00145319 /* PBXContainerItemProxy */;
		};
		659FF8842908139E00145319 /* PBXTargetDependency */ = {
			isa = PBXTargetDependency;
			target = 659FF8612908139D00145319 /* Tweet */;
			targetProxy = 659FF8832908139E00145319 /* PBXContainerItemProxy */;
		};
/* End PBXTargetDependency section */

/* Begin PBXVariantGroup section */
		659FF8702908139E00145319 /* LaunchScreen.storyboard */ = {
			isa = PBXVariantGroup;
			children = (
				659FF8712908139E00145319 /* Base */,
			);
			name = LaunchScreen.storyboard;
			sourceTree = "<group>";
		};
/* End PBXVariantGroup section */

/* Begin XCBuildConfiguration section */
		659FF88A2908139E00145319 /* Debug */ = {
			isa = XCBuildConfiguration;
			buildSettings = {
				ALWAYS_SEARCH_USER_PATHS = NO;
				CLANG_ANALYZER_NONNULL = YES;
				CLANG_ANALYZER_NUMBER_OBJECT_CONVERSION = YES_AGGRESSIVE;
				CLANG_CXX_LANGUAGE_STANDARD = "gnu++20";
				CLANG_ENABLE_MODULES = YES;
				CLANG_ENABLE_OBJC_ARC = YES;
				CLANG_ENABLE_OBJC_WEAK = YES;
				CLANG_WARN_BLOCK_CAPTURE_AUTORELEASING = YES;
				CLANG_WARN_BOOL_CONVERSION = YES;
				CLANG_WARN_COMMA = YES;
				CLANG_WARN_CONSTANT_CONVERSION = YES;
				CLANG_WARN_DEPRECATED_OBJC_IMPLEMENTATIONS = YES;
				CLANG_WARN_DIRECT_OBJC_ISA_USAGE = YES_ERROR;
				CLANG_WARN_DOCUMENTATION_COMMENTS = YES;
				CLANG_WARN_EMPTY_BODY = YES;
				CLANG_WARN_ENUM_CONVERSION = YES;
				CLANG_WARN_INFINITE_RECURSION = YES;
				CLANG_WARN_INT_CONVERSION = YES;
				CLANG_WARN_NON_LITERAL_NULL_CONVERSION = YES;
				CLANG_WARN_OBJC_IMPLICIT_RETAIN_SELF = YES;
				CLANG_WARN_OBJC_LITERAL_CONVERSION = YES;
				CLANG_WARN_OBJC_ROOT_CLASS = YES_ERROR;
				CLANG_WARN_QUOTED_INCLUDE_IN_FRAMEWORK_HEADER = YES;
				CLANG_WARN_RANGE_LOOP_ANALYSIS = YES;
				CLANG_WARN_STRICT_PROTOTYPES = YES;
				CLANG_WARN_SUSPICIOUS_MOVE = YES;
				CLANG_WARN_UNGUARDED_AVAILABILITY = YES_AGGRESSIVE;
				CLANG_WARN_UNREACHABLE_CODE = YES;
				CLANG_WARN__DUPLICATE_METHOD_MATCH = YES;
				COPY_PHASE_STRIP = NO;
				DEBUG_INFORMATION_FORMAT = dwarf;
				ENABLE_STRICT_OBJC_MSGSEND = YES;
				ENABLE_TESTABILITY = YES;
				GCC_C_LANGUAGE_STANDARD = gnu11;
				GCC_DYNAMIC_NO_PIC = NO;
				GCC_NO_COMMON_BLOCKS = YES;
				GCC_OPTIMIZATION_LEVEL = 0;
				GCC_PREPROCESSOR_DEFINITIONS = (
					"DEBUG=1",
					"$(inherited)",
				);
				GCC_WARN_64_TO_32_BIT_CONVERSION = YES;
				GCC_WARN_ABOUT_RETURN_TYPE = YES_ERROR;
				GCC_WARN_UNDECLARED_SELECTOR = YES;
				GCC_WARN_UNINITIALIZED_AUTOS = YES_AGGRESSIVE;
				GCC_WARN_UNUSED_FUNCTION = YES;
				GCC_WARN_UNUSED_VARIABLE = YES;
				IPHONEOS_DEPLOYMENT_TARGET = 16.0;
				MTL_ENABLE_DEBUG_INFO = INCLUDE_SOURCE;
				MTL_FAST_MATH = YES;
				ONLY_ACTIVE_ARCH = YES;
				SDKROOT = iphoneos;
				SWIFT_ACTIVE_COMPILATION_CONDITIONS = DEBUG;
				SWIFT_OPTIMIZATION_LEVEL = "-Onone";
			};
			name = Debug;
		};
		659FF88B2908139E00145319 /* Release */ = {
			isa = XCBuildConfiguration;
			buildSettings = {
				ALWAYS_SEARCH_USER_PATHS = NO;
				CLANG_ANALYZER_NONNULL = YES;
				CLANG_ANALYZER_NUMBER_OBJECT_CONVERSION = YES_AGGRESSIVE;
				CLANG_CXX_LANGUAGE_STANDARD = "gnu++20";
				CLANG_ENABLE_MODULES = YES;
				CLANG_ENABLE_OBJC_ARC = YES;
				CLANG_ENABLE_OBJC_WEAK = YES;
				CLANG_WARN_BLOCK_CAPTURE_AUTORELEASING = YES;
				CLANG_WARN_BOOL_CONVERSION = YES;
				CLANG_WARN_COMMA = YES;
				CLANG_WARN_CONSTANT_CONVERSION = YES;
				CLANG_WARN_DEPRECATED_OBJC_IMPLEMENTATIONS = YES;
				CLANG_WARN_DIRECT_OBJC_ISA_USAGE = YES_ERROR;
				CLANG_WARN_DOCUMENTATION_COMMENTS = YES;
				CLANG_WARN_EMPTY_BODY = YES;
				CLANG_WARN_ENUM_CONVERSION = YES;
				CLANG_WARN_INFINITE_RECURSION = YES;
				CLANG_WARN_INT_CONVERSION = YES;
				CLANG_WARN_NON_LITERAL_NULL_CONVERSION = YES;
				CLANG_WARN_OBJC_IMPLICIT_RETAIN_SELF = YES;
				CLANG_WARN_OBJC_LITERAL_CONVERSION = YES;
				CLANG_WARN_OBJC_ROOT_CLASS = YES_ERROR;
				CLANG_WARN_QUOTED_INCLUDE_IN_FRAMEWORK_HEADER = YES;
				CLANG_WARN_RANGE_LOOP_ANALYSIS = YES;
				CLANG_WARN_STRICT_PROTOTYPES = YES;
				CLANG_WARN_SUSPICIOUS_MOVE = YES;
				CLANG_WARN_UNGUARDED_AVAILABILITY = YES_AGGRESSIVE;
				CLANG_WARN_UNREACHABLE_CODE = YES;
				CLANG_WARN__DUPLICATE_METHOD_MATCH = YES;
				COPY_PHASE_STRIP = NO;
				DEBUG_INFORMATION_FORMAT = "dwarf-with-dsym";
				ENABLE_NS_ASSERTIONS = NO;
				ENABLE_STRICT_OBJC_MSGSEND = YES;
				GCC_C_LANGUAGE_STANDARD = gnu11;
				GCC_NO_COMMON_BLOCKS = YES;
				GCC_WARN_64_TO_32_BIT_CONVERSION = YES;
				GCC_WARN_ABOUT_RETURN_TYPE = YES_ERROR;
				GCC_WARN_UNDECLARED_SELECTOR = YES;
				GCC_WARN_UNINITIALIZED_AUTOS = YES_AGGRESSIVE;
				GCC_WARN_UNUSED_FUNCTION = YES;
				GCC_WARN_UNUSED_VARIABLE = YES;
				IPHONEOS_DEPLOYMENT_TARGET = 16.0;
				MTL_ENABLE_DEBUG_INFO = NO;
				MTL_FAST_MATH = YES;
				SDKROOT = iphoneos;
				SWIFT_COMPILATION_MODE = wholemodule;
				SWIFT_OPTIMIZATION_LEVEL = "-O";
				VALIDATE_PRODUCT = YES;
			};
			name = Release;
		};
		659FF88D2908139E00145319 /* Debug */ = {
			isa = XCBuildConfiguration;
			baseConfigurationReference = 85DC562C30A9FE436169B8E4 /* Pods-Tweet.debug.xcconfig */;
			buildSettings = {
				ASSETCATALOG_COMPILER_APPICON_NAME = AppIcon;
				ASSETCATALOG_COMPILER_GLOBAL_ACCENT_COLOR_NAME = AccentColor;
				CODE_SIGN_STYLE = Automatic;
				CURRENT_PROJECT_VERSION = 1;
				DEVELOPMENT_TEAM = B434W34DLF;
				GENERATE_INFOPLIST_FILE = YES;
				INFOPLIST_FILE = Tweet/Info.plist;
				INFOPLIST_KEY_UIApplicationSupportsIndirectInputEvents = YES;
				INFOPLIST_KEY_UILaunchStoryboardName = LaunchScreen;
				INFOPLIST_KEY_UISupportedInterfaceOrientations_iPad = "UIInterfaceOrientationPortrait UIInterfaceOrientationPortraitUpsideDown UIInterfaceOrientationLandscapeLeft UIInterfaceOrientationLandscapeRight";
				INFOPLIST_KEY_UISupportedInterfaceOrientations_iPhone = "UIInterfaceOrientationPortrait UIInterfaceOrientationLandscapeLeft UIInterfaceOrientationLandscapeRight";
				LD_RUNPATH_SEARCH_PATHS = (
					"$(inherited)",
					"@executable_path/Frameworks",
				);
				MARKETING_VERSION = 1.0;
				PRODUCT_BUNDLE_IDENTIFIER = com.sunghongmin.Tweet;
				PRODUCT_NAME = "$(TARGET_NAME)";
				SWIFT_EMIT_LOC_STRINGS = YES;
				SWIFT_VERSION = 5.0;
				TARGETED_DEVICE_FAMILY = "1,2";
			};
			name = Debug;
		};
		659FF88E2908139E00145319 /* Release */ = {
			isa = XCBuildConfiguration;
			baseConfigurationReference = D42B861F752E6749F937F3F8 /* Pods-Tweet.release.xcconfig */;
			buildSettings = {
				ASSETCATALOG_COMPILER_APPICON_NAME = AppIcon;
				ASSETCATALOG_COMPILER_GLOBAL_ACCENT_COLOR_NAME = AccentColor;
				CODE_SIGN_STYLE = Automatic;
				CURRENT_PROJECT_VERSION = 1;
				DEVELOPMENT_TEAM = B434W34DLF;
				GENERATE_INFOPLIST_FILE = YES;
				INFOPLIST_FILE = Tweet/Info.plist;
				INFOPLIST_KEY_UIApplicationSupportsIndirectInputEvents = YES;
				INFOPLIST_KEY_UILaunchStoryboardName = LaunchScreen;
				INFOPLIST_KEY_UISupportedInterfaceOrientations_iPad = "UIInterfaceOrientationPortrait UIInterfaceOrientationPortraitUpsideDown UIInterfaceOrientationLandscapeLeft UIInterfaceOrientationLandscapeRight";
				INFOPLIST_KEY_UISupportedInterfaceOrientations_iPhone = "UIInterfaceOrientationPortrait UIInterfaceOrientationLandscapeLeft UIInterfaceOrientationLandscapeRight";
				LD_RUNPATH_SEARCH_PATHS = (
					"$(inherited)",
					"@executable_path/Frameworks",
				);
				MARKETING_VERSION = 1.0;
				PRODUCT_BUNDLE_IDENTIFIER = com.sunghongmin.Tweet;
				PRODUCT_NAME = "$(TARGET_NAME)";
				SWIFT_EMIT_LOC_STRINGS = YES;
				SWIFT_VERSION = 5.0;
				TARGETED_DEVICE_FAMILY = "1,2";
			};
			name = Release;
		};
		659FF8902908139E00145319 /* Debug */ = {
			isa = XCBuildConfiguration;
			baseConfigurationReference = 9C377CDB112F1FFC76AA5353 /* Pods-TweetTests.debug.xcconfig */;
			buildSettings = {
				ALWAYS_EMBED_SWIFT_STANDARD_LIBRARIES = YES;
				BUNDLE_LOADER = "$(TEST_HOST)";
				CODE_SIGN_STYLE = Automatic;
				CURRENT_PROJECT_VERSION = 1;
				DEVELOPMENT_TEAM = B434W34DLF;
				GENERATE_INFOPLIST_FILE = YES;
				IPHONEOS_DEPLOYMENT_TARGET = 16.0;
				MARKETING_VERSION = 1.0;
				PRODUCT_BUNDLE_IDENTIFIER = com.sunghongmin.TweetTests;
				PRODUCT_NAME = "$(TARGET_NAME)";
				SWIFT_EMIT_LOC_STRINGS = NO;
				SWIFT_VERSION = 5.0;
				TARGETED_DEVICE_FAMILY = "1,2";
				TEST_HOST = "$(BUILT_PRODUCTS_DIR)/Tweet.app/$(BUNDLE_EXECUTABLE_FOLDER_PATH)/Tweet";
			};
			name = Debug;
		};
		659FF8912908139E00145319 /* Release */ = {
			isa = XCBuildConfiguration;
			baseConfigurationReference = 8FA64EC54535F46AFFCFA9CC /* Pods-TweetTests.release.xcconfig */;
			buildSettings = {
				ALWAYS_EMBED_SWIFT_STANDARD_LIBRARIES = YES;
				BUNDLE_LOADER = "$(TEST_HOST)";
				CODE_SIGN_STYLE = Automatic;
				CURRENT_PROJECT_VERSION = 1;
				DEVELOPMENT_TEAM = B434W34DLF;
				GENERATE_INFOPLIST_FILE = YES;
				IPHONEOS_DEPLOYMENT_TARGET = 16.0;
				MARKETING_VERSION = 1.0;
				PRODUCT_BUNDLE_IDENTIFIER = com.sunghongmin.TweetTests;
				PRODUCT_NAME = "$(TARGET_NAME)";
				SWIFT_EMIT_LOC_STRINGS = NO;
				SWIFT_VERSION = 5.0;
				TARGETED_DEVICE_FAMILY = "1,2";
				TEST_HOST = "$(BUILT_PRODUCTS_DIR)/Tweet.app/$(BUNDLE_EXECUTABLE_FOLDER_PATH)/Tweet";
			};
			name = Release;
		};
		659FF8932908139E00145319 /* Debug */ = {
			isa = XCBuildConfiguration;
			baseConfigurationReference = A349C139B82D3A4C6C08629D /* Pods-Tweet-TweetUITests.debug.xcconfig */;
			buildSettings = {
				ALWAYS_EMBED_SWIFT_STANDARD_LIBRARIES = YES;
				CODE_SIGN_STYLE = Automatic;
				CURRENT_PROJECT_VERSION = 1;
				DEVELOPMENT_TEAM = B434W34DLF;
				GENERATE_INFOPLIST_FILE = YES;
				MARKETING_VERSION = 1.0;
				PRODUCT_BUNDLE_IDENTIFIER = com.sunghongmin.TweetUITests;
				PRODUCT_NAME = "$(TARGET_NAME)";
				SWIFT_EMIT_LOC_STRINGS = NO;
				SWIFT_VERSION = 5.0;
				TARGETED_DEVICE_FAMILY = "1,2";
				TEST_TARGET_NAME = Tweet;
			};
			name = Debug;
		};
		659FF8942908139E00145319 /* Release */ = {
			isa = XCBuildConfiguration;
			baseConfigurationReference = 3660459FBE18A26AFFBFF1AD /* Pods-Tweet-TweetUITests.release.xcconfig */;
			buildSettings = {
				ALWAYS_EMBED_SWIFT_STANDARD_LIBRARIES = YES;
				CODE_SIGN_STYLE = Automatic;
				CURRENT_PROJECT_VERSION = 1;
				DEVELOPMENT_TEAM = B434W34DLF;
				GENERATE_INFOPLIST_FILE = YES;
				MARKETING_VERSION = 1.0;
				PRODUCT_BUNDLE_IDENTIFIER = com.sunghongmin.TweetUITests;
				PRODUCT_NAME = "$(TARGET_NAME)";
				SWIFT_EMIT_LOC_STRINGS = NO;
				SWIFT_VERSION = 5.0;
				TARGETED_DEVICE_FAMILY = "1,2";
				TEST_TARGET_NAME = Tweet;
			};
			name = Release;
		};
/* End XCBuildConfiguration section */

/* Begin XCConfigurationList section */
		659FF85D2908139D00145319 /* Build configuration list for PBXProject "Tweet" */ = {
			isa = XCConfigurationList;
			buildConfigurations = (
				659FF88A2908139E00145319 /* Debug */,
				659FF88B2908139E00145319 /* Release */,
			);
			defaultConfigurationIsVisible = 0;
			defaultConfigurationName = Release;
		};
		659FF88C2908139E00145319 /* Build configuration list for PBXNativeTarget "Tweet" */ = {
			isa = XCConfigurationList;
			buildConfigurations = (
				659FF88D2908139E00145319 /* Debug */,
				659FF88E2908139E00145319 /* Release */,
			);
			defaultConfigurationIsVisible = 0;
			defaultConfigurationName = Release;
		};
		659FF88F2908139E00145319 /* Build configuration list for PBXNativeTarget "TweetTests" */ = {
			isa = XCConfigurationList;
			buildConfigurations = (
				659FF8902908139E00145319 /* Debug */,
				659FF8912908139E00145319 /* Release */,
			);
			defaultConfigurationIsVisible = 0;
			defaultConfigurationName = Release;
		};
		659FF8922908139E00145319 /* Build configuration list for PBXNativeTarget "TweetUITests" */ = {
			isa = XCConfigurationList;
			buildConfigurations = (
				659FF8932908139E00145319 /* Debug */,
				659FF8942908139E00145319 /* Release */,
			);
			defaultConfigurationIsVisible = 0;
			defaultConfigurationName = Release;
		};
/* End XCConfigurationList section */

/* Begin XCRemoteSwiftPackageReference section */
		659FF8952908140200145319 /* XCRemoteSwiftPackageReference "SnapKit.git" */ = {
			isa = XCRemoteSwiftPackageReference;
			repositoryURL = "https://github.com/SnapKit/SnapKit.git";
			requirement = {
				kind = upToNextMajorVersion;
				minimumVersion = 5.0.0;
			};
		};
/* End XCRemoteSwiftPackageReference section */

/* Begin XCSwiftPackageProductDependency section */
		659FF8962908140200145319 /* SnapKit */ = {
			isa = XCSwiftPackageProductDependency;
			package = 659FF8952908140200145319 /* XCRemoteSwiftPackageReference "SnapKit.git" */;
			productName = SnapKit;
		};
/* End XCSwiftPackageProductDependency section */
	};
	rootObject = 659FF85A2908139D00145319 /* Project object */;
}
